
Microsoft Visual Studio Solution File, Format Version 12.00
# Visual Studio Version 16
VisualStudioVersion = 16.0.31129.286
MinimumVisualStudioVersion = 10.0.40219.1
Project("{9A19103F-16F7-4668-BE54-9A1E7A4F7556}") = "Home.Base", "Home.Base\Home.Base.csproj", "{38C417F8-F075-4DEE-B523-EC4215A45ABD}"
EndProject
Project("{2150E333-8FDC-42A3-9474-1A3956D46DE8}") = "Widgets", "Widgets", "{75ECE9A1-6B00-44D2-B68B-754841D3EE3D}"
EndProject
Project("{FAE04EC0-301F-11D3-BF4B-00C04F79EFBC}") = "Clock", "Widgets\Clock\Clock.csproj", "{DEBC1DA5-20D0-4578-8596-448E4F073C76}"
EndProject
Project("{2150E333-8FDC-42A3-9474-1A3956D46DE8}") = "Extensions", "Extensions", "{9FCC0F45-7762-4D78-B3B1-E53F8CC2AF31}"
EndProject
Project("{2150E333-8FDC-42A3-9474-1A3956D46DE8}") = "Weather", "Weather", "{81A6730A-2F86-478C-81B3-09B78D2F42BE}"
EndProject
Project("{FAE04EC0-301F-11D3-BF4B-00C04F79EFBC}") = "MSN", "Extensions\Weather\MSN\MSN.csproj", "{66B84A5F-1845-4A13-90BF-8EEC18ABA652}"
EndProject
Project("{9A19103F-16F7-4668-BE54-9A1E7A4F7556}") = "Weather.Base", "Weather.Base\Weather.Base.csproj", "{332D8853-F7F1-41D4-A4B1-28B99CE1F8B8}"
EndProject
Project("{FAE04EC0-301F-11D3-BF4B-00C04F79EFBC}") = "Weather", "Widgets\Weather\Weather.csproj", "{FB12BBDA-9264-4328-B959-87DCA38DFDAB}"
EndProject
Project("{2150E333-8FDC-42A3-9474-1A3956D46DE8}") = "UIFramework", "UIFramework", "{AE829925-0834-4D44-8343-C26E95B24D4A}"
EndProject
Project("{9A19103F-16F7-4668-BE54-9A1E7A4F7556}") = "UIFramework.Weather", "UIFramework\Weather.Resources\UIFramework.Weather.csproj", "{27D8FC66-5905-42CC-A673-30ADF51BE464}"
EndProject
Project("{FAE04EC0-301F-11D3-BF4B-00C04F79EFBC}") = "WeatherChannel", "Extensions\Weather\WeatherChannel\WeatherChannel.csproj", "{CB44DB0A-49E1-4628-831B-403D74376334}"
EndProject
Project("{FAE04EC0-301F-11D3-BF4B-00C04F79EFBC}") = "AccuWeather", "Extensions\Weather\AccuWeather\AccuWeather.csproj", "{F24CBC83-CDC0-46B0-A0A7-264B3C160540}"
EndProject
Project("{FAE04EC0-301F-11D3-BF4B-00C04F79EFBC}") = "Foreca", "Extensions\Weather\Foreca\Foreca.csproj", "{9E075093-8902-4058-9701-8B8F26A007B0}"
EndProject
Project("{FAE04EC0-301F-11D3-BF4B-00C04F79EFBC}") = "FreeMeteo", "Extensions\Weather\FreeMeteo\FreeMeteo.csproj", "{22D1BD08-7D79-48D0-9DE2-8530F470285D}"
EndProject
Project("{FAE04EC0-301F-11D3-BF4B-00C04F79EFBC}") = "Gismeteo", "Extensions\Weather\Gismeteo\Gismeteo.csproj", "{A5053DDD-7E7F-4615-82CA-928740A77364}"
EndProject
Project("{FAE04EC0-301F-11D3-BF4B-00C04F79EFBC}") = "OpenWeatherMap", "Extensions\Weather\OpenWeatherMap\OpenWeatherMap.csproj", "{9F674980-8284-401C-B751-40F2EE8E2F3E}"
EndProject
Project("{9A19103F-16F7-4668-BE54-9A1E7A4F7556}") = "HTCHome", "HTCHome\HTCHome.csproj", "{06F9DD4D-1E43-46BD-9C00-9DCE991A33F9}"
EndProject
Global
	GlobalSection(SolutionConfigurationPlatforms) = preSolution
		Debug|Any CPU = Debug|Any CPU
		Debug|Mixed Platforms = Debug|Mixed Platforms
		Debug|x86 = Debug|x86
		Release|Any CPU = Release|Any CPU
		Release|Mixed Platforms = Release|Mixed Platforms
		Release|x86 = Release|x86
	EndGlobalSection
	GlobalSection(ProjectConfigurationPlatforms) = postSolution
		{38C417F8-F075-4DEE-B523-EC4215A45ABD}.Debug|Any CPU.ActiveCfg = Debug|Any CPU
		{38C417F8-F075-4DEE-B523-EC4215A45ABD}.Debug|Any CPU.Build.0 = Debug|Any CPU
		{38C417F8-F075-4DEE-B523-EC4215A45ABD}.Debug|Mixed Platforms.ActiveCfg = Debug|Any CPU
		{38C417F8-F075-4DEE-B523-EC4215A45ABD}.Debug|Mixed Platforms.Build.0 = Debug|Any CPU
		{38C417F8-F075-4DEE-B523-EC4215A45ABD}.Debug|x86.ActiveCfg = Debug|Any CPU
		{38C417F8-F075-4DEE-B523-EC4215A45ABD}.Release|Any CPU.ActiveCfg = Release|Any CPU
		{38C417F8-F075-4DEE-B523-EC4215A45ABD}.Release|Any CPU.Build.0 = Release|Any CPU
		{38C417F8-F075-4DEE-B523-EC4215A45ABD}.Release|Mixed Platforms.ActiveCfg = Release|Any CPU
		{38C417F8-F075-4DEE-B523-EC4215A45ABD}.Release|Mixed Platforms.Build.0 = Release|Any CPU
		{38C417F8-F075-4DEE-B523-EC4215A45ABD}.Release|x86.ActiveCfg = Release|Any CPU
		{DEBC1DA5-20D0-4578-8596-448E4F073C76}.Debug|Any CPU.ActiveCfg = Debug|Any CPU
		{DEBC1DA5-20D0-4578-8596-448E4F073C76}.Debug|Any CPU.Build.0 = Debug|Any CPU
		{DEBC1DA5-20D0-4578-8596-448E4F073C76}.Debug|Mixed Platforms.ActiveCfg = Debug|Any CPU
		{DEBC1DA5-20D0-4578-8596-448E4F073C76}.Debug|Mixed Platforms.Build.0 = Debug|Any CPU
		{DEBC1DA5-20D0-4578-8596-448E4F073C76}.Debug|x86.ActiveCfg = Debug|x86
		{DEBC1DA5-20D0-4578-8596-448E4F073C76}.Debug|x86.Build.0 = Debug|x86
		{DEBC1DA5-20D0-4578-8596-448E4F073C76}.Release|Any CPU.ActiveCfg = Release|Any CPU
		{DEBC1DA5-20D0-4578-8596-448E4F073C76}.Release|Mixed Platforms.ActiveCfg = Release|Any CPU
		{DEBC1DA5-20D0-4578-8596-448E4F073C76}.Release|Mixed Platforms.Build.0 = Release|Any CPU
		{DEBC1DA5-20D0-4578-8596-448E4F073C76}.Release|x86.ActiveCfg = Release|x86
		{DEBC1DA5-20D0-4578-8596-448E4F073C76}.Release|x86.Build.0 = Release|x86
		{66B84A5F-1845-4A13-90BF-8EEC18ABA652}.Debug|Any CPU.ActiveCfg = Debug|Any CPU
		{66B84A5F-1845-4A13-90BF-8EEC18ABA652}.Debug|Any CPU.Build.0 = Debug|Any CPU
		{66B84A5F-1845-4A13-90BF-8EEC18ABA652}.Debug|Mixed Platforms.ActiveCfg = Debug|Any CPU
		{66B84A5F-1845-4A13-90BF-8EEC18ABA652}.Debug|Mixed Platforms.Build.0 = Debug|Any CPU
		{66B84A5F-1845-4A13-90BF-8EEC18ABA652}.Debug|x86.ActiveCfg = Debug|Any CPU
		{66B84A5F-1845-4A13-90BF-8EEC18ABA652}.Release|Any CPU.ActiveCfg = Release|Any CPU
		{66B84A5F-1845-4A13-90BF-8EEC18ABA652}.Release|Any CPU.Build.0 = Release|Any CPU
		{66B84A5F-1845-4A13-90BF-8EEC18ABA652}.Release|Mixed Platforms.ActiveCfg = Release|Any CPU
		{66B84A5F-1845-4A13-90BF-8EEC18ABA652}.Release|Mixed Platforms.Build.0 = Release|Any CPU
		{66B84A5F-1845-4A13-90BF-8EEC18ABA652}.Release|x86.ActiveCfg = Release|Any CPU
		{332D8853-F7F1-41D4-A4B1-28B99CE1F8B8}.Debug|Any CPU.ActiveCfg = Debug|Any CPU
		{332D8853-F7F1-41D4-A4B1-28B99CE1F8B8}.Debug|Any CPU.Build.0 = Debug|Any CPU
		{332D8853-F7F1-41D4-A4B1-28B99CE1F8B8}.Debug|Mixed Platforms.ActiveCfg = Debug|Any CPU
		{332D8853-F7F1-41D4-A4B1-28B99CE1F8B8}.Debug|Mixed Platforms.Build.0 = Debug|Any CPU
		{332D8853-F7F1-41D4-A4B1-28B99CE1F8B8}.Debug|x86.ActiveCfg = Debug|Any CPU
		{332D8853-F7F1-41D4-A4B1-28B99CE1F8B8}.Release|Any CPU.ActiveCfg = Release|Any CPU
		{332D8853-F7F1-41D4-A4B1-28B99CE1F8B8}.Release|Any CPU.Build.0 = Release|Any CPU
		{332D8853-F7F1-41D4-A4B1-28B99CE1F8B8}.Release|Mixed Platforms.ActiveCfg = Release|Any CPU
		{332D8853-F7F1-41D4-A4B1-28B99CE1F8B8}.Release|Mixed Platforms.Build.0 = Release|Any CPU
		{332D8853-F7F1-41D4-A4B1-28B99CE1F8B8}.Release|x86.ActiveCfg = Release|Any CPU
		{FB12BBDA-9264-4328-B959-87DCA38DFDAB}.Debug|Any CPU.ActiveCfg = Debug|Any CPU
		{FB12BBDA-9264-4328-B959-87DCA38DFDAB}.Debug|Any CPU.Build.0 = Debug|Any CPU
		{FB12BBDA-9264-4328-B959-87DCA38DFDAB}.Debug|Mixed Platforms.ActiveCfg = Debug|Any CPU
		{FB12BBDA-9264-4328-B959-87DCA38DFDAB}.Debug|Mixed Platforms.Build.0 = Debug|Any CPU
		{FB12BBDA-9264-4328-B959-87DCA38DFDAB}.Debug|x86.ActiveCfg = Debug|x86
		{FB12BBDA-9264-4328-B959-87DCA38DFDAB}.Debug|x86.Build.0 = Debug|x86
		{FB12BBDA-9264-4328-B959-87DCA38DFDAB}.Release|Any CPU.ActiveCfg = Release|Any CPU
		{FB12BBDA-9264-4328-B959-87DCA38DFDAB}.Release|Any CPU.Build.0 = Release|Any CPU
		{FB12BBDA-9264-4328-B959-87DCA38DFDAB}.Release|Mixed Platforms.ActiveCfg = Release|Any CPU
		{FB12BBDA-9264-4328-B959-87DCA38DFDAB}.Release|Mixed Platforms.Build.0 = Release|Any CPU
		{FB12BBDA-9264-4328-B959-87DCA38DFDAB}.Release|x86.ActiveCfg = Release|x86
		{FB12BBDA-9264-4328-B959-87DCA38DFDAB}.Release|x86.Build.0 = Release|x86
		{27D8FC66-5905-42CC-A673-30ADF51BE464}.Debug|Any CPU.ActiveCfg = Debug|Any CPU
		{27D8FC66-5905-42CC-A673-30ADF51BE464}.Debug|Any CPU.Build.0 = Debug|Any CPU
		{27D8FC66-5905-42CC-A673-30ADF51BE464}.Debug|Mixed Platforms.ActiveCfg = Debug|Any CPU
		{27D8FC66-5905-42CC-A673-30ADF51BE464}.Debug|Mixed Platforms.Build.0 = Debug|Any CPU
		{27D8FC66-5905-42CC-A673-30ADF51BE464}.Debug|x86.ActiveCfg = Debug|Any CPU
		{27D8FC66-5905-42CC-A673-30ADF51BE464}.Release|Any CPU.ActiveCfg = Release|Any CPU
		{27D8FC66-5905-42CC-A673-30ADF51BE464}.Release|Any CPU.Build.0 = Release|Any CPU
		{27D8FC66-5905-42CC-A673-30ADF51BE464}.Release|Mixed Platforms.ActiveCfg = Release|Any CPU
		{27D8FC66-5905-42CC-A673-30ADF51BE464}.Release|Mixed Platforms.Build.0 = Release|Any CPU
		{27D8FC66-5905-42CC-A673-30ADF51BE464}.Release|x86.ActiveCfg = Release|Any CPU
		{CB44DB0A-49E1-4628-831B-403D74376334}.Debug|Any CPU.ActiveCfg = Debug|Any CPU
		{CB44DB0A-49E1-4628-831B-403D74376334}.Debug|Any CPU.Build.0 = Debug|Any CPU
		{CB44DB0A-49E1-4628-831B-403D74376334}.Debug|Mixed Platforms.ActiveCfg = Debug|Any CPU
		{CB44DB0A-49E1-4628-831B-403D74376334}.Debug|Mixed Platforms.Build.0 = Debug|Any CPU
		{CB44DB0A-49E1-4628-831B-403D74376334}.Debug|x86.ActiveCfg = Debug|Any CPU
		{CB44DB0A-49E1-4628-831B-403D74376334}.Release|Any CPU.ActiveCfg = Release|Any CPU
		{CB44DB0A-49E1-4628-831B-403D74376334}.Release|Any CPU.Build.0 = Release|Any CPU
		{CB44DB0A-49E1-4628-831B-403D74376334}.Release|Mixed Platforms.ActiveCfg = Release|Any CPU
		{CB44DB0A-49E1-4628-831B-403D74376334}.Release|Mixed Platforms.Build.0 = Release|Any CPU
		{CB44DB0A-49E1-4628-831B-403D74376334}.Release|x86.ActiveCfg = Release|Any CPU
		{F24CBC83-CDC0-46B0-A0A7-264B3C160540}.Debug|Any CPU.ActiveCfg = Debug|Any CPU
		{F24CBC83-CDC0-46B0-A0A7-264B3C160540}.Debug|Any CPU.Build.0 = Debug|Any CPU
		{F24CBC83-CDC0-46B0-A0A7-264B3C160540}.Debug|Mixed Platforms.ActiveCfg = Debug|Any CPU
		{F24CBC83-CDC0-46B0-A0A7-264B3C160540}.Debug|Mixed Platforms.Build.0 = Debug|Any CPU
		{F24CBC83-CDC0-46B0-A0A7-264B3C160540}.Debug|x86.ActiveCfg = Debug|Any CPU
		{F24CBC83-CDC0-46B0-A0A7-264B3C160540}.Release|Any CPU.ActiveCfg = Release|Any CPU
		{F24CBC83-CDC0-46B0-A0A7-264B3C160540}.Release|Any CPU.Build.0 = Release|Any CPU
		{F24CBC83-CDC0-46B0-A0A7-264B3C160540}.Release|Mixed Platforms.ActiveCfg = Release|Any CPU
		{F24CBC83-CDC0-46B0-A0A7-264B3C160540}.Release|Mixed Platforms.Build.0 = Release|Any CPU
		{F24CBC83-CDC0-46B0-A0A7-264B3C160540}.Release|x86.ActiveCfg = Release|Any CPU
		{9E075093-8902-4058-9701-8B8F26A007B0}.Debug|Any CPU.ActiveCfg = Debug|Any CPU
		{9E075093-8902-4058-9701-8B8F26A007B0}.Debug|Any CPU.Build.0 = Debug|Any CPU
		{9E075093-8902-4058-9701-8B8F26A007B0}.Debug|Mixed Platforms.ActiveCfg = Debug|Any CPU
		{9E075093-8902-4058-9701-8B8F26A007B0}.Debug|Mixed Platforms.Build.0 = Debug|Any CPU
		{9E075093-8902-4058-9701-8B8F26A007B0}.Debug|x86.ActiveCfg = Debug|Any CPU
		{9E075093-8902-4058-9701-8B8F26A007B0}.Release|Any CPU.ActiveCfg = Release|Any CPU
		{9E075093-8902-4058-9701-8B8F26A007B0}.Release|Any CPU.Build.0 = Release|Any CPU
		{9E075093-8902-4058-9701-8B8F26A007B0}.Release|Mixed Platforms.ActiveCfg = Release|Any CPU
		{9E075093-8902-4058-9701-8B8F26A007B0}.Release|Mixed Platforms.Build.0 = Release|Any CPU
		{9E075093-8902-4058-9701-8B8F26A007B0}.Release|x86.ActiveCfg = Release|Any CPU
		{22D1BD08-7D79-48D0-9DE2-8530F470285D}.Debug|Any CPU.ActiveCfg = Debug|Any CPU
		{22D1BD08-7D79-48D0-9DE2-8530F470285D}.Debug|Any CPU.Build.0 = Debug|Any CPU
		{22D1BD08-7D79-48D0-9DE2-8530F470285D}.Debug|Mixed Platforms.ActiveCfg = Debug|Any CPU
		{22D1BD08-7D79-48D0-9DE2-8530F470285D}.Debug|Mixed Platforms.Build.0 = Debug|Any CPU
		{22D1BD08-7D79-48D0-9DE2-8530F470285D}.Debug|x86.ActiveCfg = Debug|Any CPU
		{22D1BD08-7D79-48D0-9DE2-8530F470285D}.Release|Any CPU.ActiveCfg = Release|Any CPU
		{22D1BD08-7D79-48D0-9DE2-8530F470285D}.Release|Any CPU.Build.0 = Release|Any CPU
		{22D1BD08-7D79-48D0-9DE2-8530F470285D}.Release|Mixed Platforms.ActiveCfg = Release|Any CPU
		{22D1BD08-7D79-48D0-9DE2-8530F470285D}.Release|Mixed Platforms.Build.0 = Release|Any CPU
		{22D1BD08-7D79-48D0-9DE2-8530F470285D}.Release|x86.ActiveCfg = Release|Any CPU
		{A5053DDD-7E7F-4615-82CA-928740A77364}.Debug|Any CPU.ActiveCfg = Debug|Any CPU
		{A5053DDD-7E7F-4615-82CA-928740A77364}.Debug|Any CPU.Build.0 = Debug|Any CPU
		{A5053DDD-7E7F-4615-82CA-928740A77364}.Debug|Mixed Platforms.ActiveCfg = Debug|Any CPU
		{A5053DDD-7E7F-4615-82CA-928740A77364}.Debug|Mixed Platforms.Build.0 = Debug|Any CPU
		{A5053DDD-7E7F-4615-82CA-928740A77364}.Debug|x86.ActiveCfg = Debug|Any CPU
		{A5053DDD-7E7F-4615-82CA-928740A77364}.Release|Any CPU.ActiveCfg = Release|Any CPU
		{A5053DDD-7E7F-4615-82CA-928740A77364}.Release|Any CPU.Build.0 = Release|Any CPU
		{A5053DDD-7E7F-4615-82CA-928740A77364}.Release|Mixed Platforms.ActiveCfg = Release|Any CPU
		{A5053DDD-7E7F-4615-82CA-928740A77364}.Release|Mixed Platforms.Build.0 = Release|Any CPU
		{A5053DDD-7E7F-4615-82CA-928740A77364}.Release|x86.ActiveCfg = Release|Any CPU
		{9F674980-8284-401C-B751-40F2EE8E2F3E}.Debug|Any CPU.ActiveCfg = Debug|Any CPU
		{9F674980-8284-401C-B751-40F2EE8E2F3E}.Debug|Any CPU.Build.0 = Debug|Any CPU
		{9F674980-8284-401C-B751-40F2EE8E2F3E}.Debug|Mixed Platforms.ActiveCfg = Debug|Any CPU
		{9F674980-8284-401C-B751-40F2EE8E2F3E}.Debug|Mixed Platforms.Build.0 = Debug|Any CPU
		{9F674980-8284-401C-B751-40F2EE8E2F3E}.Debug|x86.ActiveCfg = Debug|Any CPU
		{9F674980-8284-401C-B751-40F2EE8E2F3E}.Debug|x86.Build.0 = Debug|Any CPU
		{9F674980-8284-401C-B751-40F2EE8E2F3E}.Release|Any CPU.ActiveCfg = Release|Any CPU
		{9F674980-8284-401C-B751-40F2EE8E2F3E}.Release|Any CPU.Build.0 = Release|Any CPU
		{9F674980-8284-401C-B751-40F2EE8E2F3E}.Release|Mixed Platforms.ActiveCfg = Release|Any CPU
		{9F674980-8284-401C-B751-40F2EE8E2F3E}.Release|Mixed Platforms.Build.0 = Release|Any CPU
		{9F674980-8284-401C-B751-40F2EE8E2F3E}.Release|x86.ActiveCfg = Release|Any CPU
		{9F674980-8284-401C-B751-40F2EE8E2F3E}.Release|x86.Build.0 = Release|Any CPU
		{06F9DD4D-1E43-46BD-9C00-9DCE991A33F9}.Debug|Any CPU.ActiveCfg = Debug|Any CPU
		{06F9DD4D-1E43-46BD-9C00-9DCE991A33F9}.Debug|Any CPU.Build.0 = Debug|Any CPU
		{06F9DD4D-1E43-46BD-9C00-9DCE991A33F9}.Debug|Mixed Platforms.ActiveCfg = Debug|Any CPU
		{06F9DD4D-1E43-46BD-9C00-9DCE991A33F9}.Debug|Mixed Platforms.Build.0 = Debug|Any CPU
		{06F9DD4D-1E43-46BD-9C00-9DCE991A33F9}.Debug|x86.ActiveCfg = Debug|Any CPU
		{06F9DD4D-1E43-46BD-9C00-9DCE991A33F9}.Debug|x86.Build.0 = Debug|Any CPU
		{06F9DD4D-1E43-46BD-9C00-9DCE991A33F9}.Release|Any CPU.ActiveCfg = Release|Any CPU
		{06F9DD4D-1E43-46BD-9C00-9DCE991A33F9}.Release|Any CPU.Build.0 = Release|Any CPU
		{06F9DD4D-1E43-46BD-9C00-9DCE991A33F9}.Release|Mixed Platforms.ActiveCfg = Release|Any CPU
		{06F9DD4D-1E43-46BD-9C00-9DCE991A33F9}.Release|Mixed Platforms.Build.0 = Release|Any CPU
		{06F9DD4D-1E43-46BD-9C00-9DCE991A33F9}.Release|x86.ActiveCfg = Release|Any CPU
		{06F9DD4D-1E43-46BD-9C00-9DCE991A33F9}.Release|x86.Build.0 = Release|Any CPU
	EndGlobalSection
	GlobalSection(SolutionProperties) = preSolution
		HideSolutionNode = FALSE
	EndGlobalSection
	GlobalSection(NestedProjects) = preSolution
		{DEBC1DA5-20D0-4578-8596-448E4F073C76} = {75ECE9A1-6B00-44D2-B68B-754841D3EE3D}
		{81A6730A-2F86-478C-81B3-09B78D2F42BE} = {9FCC0F45-7762-4D78-B3B1-E53F8CC2AF31}
		{66B84A5F-1845-4A13-90BF-8EEC18ABA652} = {81A6730A-2F86-478C-81B3-09B78D2F42BE}
		{FB12BBDA-9264-4328-B959-87DCA38DFDAB} = {75ECE9A1-6B00-44D2-B68B-754841D3EE3D}
		{27D8FC66-5905-42CC-A673-30ADF51BE464} = {AE829925-0834-4D44-8343-C26E95B24D4A}
		{CB44DB0A-49E1-4628-831B-403D74376334} = {81A6730A-2F86-478C-81B3-09B78D2F42BE}
		{F24CBC83-CDC0-46B0-A0A7-264B3C160540} = {81A6730A-2F86-478C-81B3-09B78D2F42BE}
		{9E075093-8902-4058-9701-8B8F26A007B0} = {81A6730A-2F86-478C-81B3-09B78D2F42BE}
		{22D1BD08-7D79-48D0-9DE2-8530F470285D} = {81A6730A-2F86-478C-81B3-09B78D2F42BE}
		{A5053DDD-7E7F-4615-82CA-928740A77364} = {81A6730A-2F86-478C-81B3-09B78D2F42BE}
		{9F674980-8284-401C-B751-40F2EE8E2F3E} = {81A6730A-2F86-478C-81B3-09B78D2F42BE}
	EndGlobalSection
	GlobalSection(ExtensibilityGlobals) = postSolution
		SolutionGuid = {196E89F2-CBD3-4CDA-AF0D-6BDFF22C623F}
	EndGlobalSection
EndGlobal
